
Microsoft Visual Studio Solution File, Format Version 12.00
# Visual Studio 2012
Project("{FAE04EC0-301F-11D3-BF4B-00C04F79EFBC}") = "gitTest1", "gitTest1\gitTest1.csproj", "{2D3A7844-7215-4535-AE97-3722DD8609B6}"
EndProject
Project("{FAE04EC0-301F-11D3-BF4B-00C04F79EFBC}") = "gitTest1.Tests", "gitTest1.Tests\gitTest1.Tests.csproj", "{9FF15D4E-B80F-44C5-8778-CE2C3B64F789}"
EndProject
Global
	GlobalSection(SolutionConfigurationPlatforms) = preSolution
		Debug|Any CPU = Debug|Any CPU
		Release|Any CPU = Release|Any CPU
	EndGlobalSection
	GlobalSection(ProjectConfigurationPlatforms) = postSolution
		{2D3A7844-7215-4535-AE97-3722DD8609B6}.Debug|Any CPU.ActiveCfg = Debug|Any CPU
		{2D3A7844-7215-4535-AE97-3722DD8609B6}.Debug|Any CPU.Build.0 = Debug|Any CPU
		{2D3A7844-7215-4535-AE97-3722DD8609B6}.Release|Any CPU.ActiveCfg = Release|Any CPU
		{2D3A7844-7215-4535-AE97-3722DD8609B6}.Release|Any CPU.Build.0 = Release|Any CPU
		{9FF15D4E-B80F-44C5-8778-CE2C3B64F789}.Debug|Any CPU.ActiveCfg = Debug|Any CPU
		{9FF15D4E-B80F-44C5-8778-CE2C3B64F789}.Debug|Any CPU.Build.0 = Debug|Any CPU
		{9FF15D4E-B80F-44C5-8778-CE2C3B64F789}.Release|Any CPU.ActiveCfg = Release|Any CPU
		{9FF15D4E-B80F-44C5-8778-CE2C3B64F789}.Release|Any CPU.Build.0 = Release|Any CPU
	EndGlobalSection
	GlobalSection(SolutionProperties) = preSolution
		HideSolutionNode = FALSE
	EndGlobalSection
EndGlobal
